
Microsoft Visual Studio Solution File, Format Version 12.00
# Visual Studio Version 17
VisualStudioVersion = 17.9.34622.214
MinimumVisualStudioVersion = 10.0.40219.1
Project("{FAE04EC0-301F-11D3-BF4B-00C04F79EFBC}") = "WebApplication3", "WebApplication3\WebApplication3.csproj", "{97D46E95-4E23-41E7-ABFB-7C2E14DE28F4}"
EndProject
Global
	GlobalSection(SolutionConfigurationPlatforms) = preSolution
		Debug|Any CPU = Debug|Any CPU
		Release|Any CPU = Release|Any CPU
	EndGlobalSection
	GlobalSection(ProjectConfigurationPlatforms) = postSolution
		{97D46E95-4E23-41E7-ABFB-7C2E14DE28F4}.Debug|Any CPU.ActiveCfg = Debug|Any CPU
		{97D46E95-4E23-41E7-ABFB-7C2E14DE28F4}.Debug|Any CPU.Build.0 = Debug|Any CPU
		{97D46E95-4E23-41E7-ABFB-7C2E14DE28F4}.Release|Any CPU.ActiveCfg = Release|Any CPU
		{97D46E95-4E23-41E7-ABFB-7C2E14DE28F4}.Release|Any CPU.Build.0 = Release|Any CPU
	EndGlobalSection
	GlobalSection(SolutionProperties) = preSolution
		HideSolutionNode = FALSE
	EndGlobalSection
	GlobalSection(ExtensibilityGlobals) = postSolution
		SolutionGuid = {BAFCCEEC-4DB4-4724-8B88-E8A89874F520}
	EndGlobalSection
EndGlobal
